
Microsoft Visual Studio Solution File, Format Version 12.00
# Visual Studio Version 16
VisualStudioVersion = 16.0.29215.179
MinimumVisualStudioVersion = 15.0.26124.0
Project("{2150E333-8FDC-42A3-9474-1A3956D46DE8}") = "src", "src", "{E7EF7A08-0709-4CD8-A5E5-A78D11315BE8}"
EndProject
Project("{2150E333-8FDC-42A3-9474-1A3956D46DE8}") = "test", "test", "{B551418F-DA87-464B-A5EE-F2177BD4C018}"
EndProject
Project("{9A19103F-16F7-4668-BE54-9A1E7A4F7556}") = "NwRfcNet", "src\NwRfcNet\NwRfcNet.csproj", "{DDEE1E55-8B4B-46A6-A05D-1A8BFBD62EB7}"
EndProject
Project("{9A19103F-16F7-4668-BE54-9A1E7A4F7556}") = "NwRfcNet.Tests", "tests\NwRfcNet.Tests\NwRfcNet.Tests.csproj", "{CFCECE2E-3FE5-4DD2-A51F-9A2741520095}"
EndProject
Project("{2150E333-8FDC-42A3-9474-1A3956D46DE8}") = "samples", "samples", "{813ACAE4-6905-4DE0-BD6B-AADF0535B2B5}"
EndProject
Project("{9A19103F-16F7-4668-BE54-9A1E7A4F7556}") = "BapiCompanyList", "samples\BapiCompanyList\BapiCompanyList.csproj", "{914BE78B-9205-4DD1-89A9-3059F2CA5469}"
EndProject
Project("{9A19103F-16F7-4668-BE54-9A1E7A4F7556}") = "BapiCustomerList", "samples\BapiCustomerList\BapiCustomerList.csproj", "{973E85D8-8F8B-45F1-B062-B110595371C7}"
EndProject
Project("{9A19103F-16F7-4668-BE54-9A1E7A4F7556}") = "BapiCustomerDetail", "samples\BapiCustomerDetail\BapiCustomerDetail.csproj", "{D506F2A9-D77B-490B-872B-680729E5529E}"
EndProject
Project("{9A19103F-16F7-4668-BE54-9A1E7A4F7556}") = "BapiGetGlAccountBalance", "samples\BapiGetGlAccountBalance\BapiGetGlAccountBalance.csproj", "{F4C2ADD5-BA4C-45C2-AEF6-3340A5CDF0C2}"
EndProject
Project("{9A19103F-16F7-4668-BE54-9A1E7A4F7556}") = "RfcReadTable", "samples\RfcReadTable\RfcReadTable.csproj", "{19EA3504-609D-4D91-801D-947ED3E33975}"
EndProject
Project("{9A19103F-16F7-4668-BE54-9A1E7A4F7556}") = "RfcConnections", "samples\RfcConnections\RfcConnections.csproj", "{2AA00254-625E-4952-94CF-C95C66C04EF6}"
EndProject
Global
	GlobalSection(SolutionConfigurationPlatforms) = preSolution
		Debug|Any CPU = Debug|Any CPU
		Debug|x64 = Debug|x64
		Debug|x86 = Debug|x86
		Release|Any CPU = Release|Any CPU
		Release|x64 = Release|x64
		Release|x86 = Release|x86
	EndGlobalSection
	GlobalSection(ProjectConfigurationPlatforms) = postSolution
		{DDEE1E55-8B4B-46A6-A05D-1A8BFBD62EB7}.Debug|Any CPU.ActiveCfg = Debug|Any CPU
		{DDEE1E55-8B4B-46A6-A05D-1A8BFBD62EB7}.Debug|Any CPU.Build.0 = Debug|Any CPU
		{DDEE1E55-8B4B-46A6-A05D-1A8BFBD62EB7}.Debug|x64.ActiveCfg = Debug|Any CPU
		{DDEE1E55-8B4B-46A6-A05D-1A8BFBD62EB7}.Debug|x64.Build.0 = Debug|Any CPU
		{DDEE1E55-8B4B-46A6-A05D-1A8BFBD62EB7}.Debug|x86.ActiveCfg = Debug|Any CPU
		{DDEE1E55-8B4B-46A6-A05D-1A8BFBD62EB7}.Debug|x86.Build.0 = Debug|Any CPU
		{DDEE1E55-8B4B-46A6-A05D-1A8BFBD62EB7}.Release|Any CPU.ActiveCfg = Release|Any CPU
		{DDEE1E55-8B4B-46A6-A05D-1A8BFBD62EB7}.Release|Any CPU.Build.0 = Release|Any CPU
		{DDEE1E55-8B4B-46A6-A05D-1A8BFBD62EB7}.Release|x64.ActiveCfg = Release|Any CPU
		{DDEE1E55-8B4B-46A6-A05D-1A8BFBD62EB7}.Release|x64.Build.0 = Release|Any CPU
		{DDEE1E55-8B4B-46A6-A05D-1A8BFBD62EB7}.Release|x86.ActiveCfg = Release|Any CPU
		{DDEE1E55-8B4B-46A6-A05D-1A8BFBD62EB7}.Release|x86.Build.0 = Release|Any CPU
		{CFCECE2E-3FE5-4DD2-A51F-9A2741520095}.Debug|Any CPU.ActiveCfg = Debug|Any CPU
		{CFCECE2E-3FE5-4DD2-A51F-9A2741520095}.Debug|Any CPU.Build.0 = Debug|Any CPU
		{CFCECE2E-3FE5-4DD2-A51F-9A2741520095}.Debug|x64.ActiveCfg = Debug|Any CPU
		{CFCECE2E-3FE5-4DD2-A51F-9A2741520095}.Debug|x64.Build.0 = Debug|Any CPU
		{CFCECE2E-3FE5-4DD2-A51F-9A2741520095}.Debug|x86.ActiveCfg = Debug|Any CPU
		{CFCECE2E-3FE5-4DD2-A51F-9A2741520095}.Debug|x86.Build.0 = Debug|Any CPU
		{CFCECE2E-3FE5-4DD2-A51F-9A2741520095}.Release|Any CPU.ActiveCfg = Release|Any CPU
		{CFCECE2E-3FE5-4DD2-A51F-9A2741520095}.Release|Any CPU.Build.0 = Release|Any CPU
		{CFCECE2E-3FE5-4DD2-A51F-9A2741520095}.Release|x64.ActiveCfg = Release|Any CPU
		{CFCECE2E-3FE5-4DD2-A51F-9A2741520095}.Release|x64.Build.0 = Release|Any CPU
		{CFCECE2E-3FE5-4DD2-A51F-9A2741520095}.Release|x86.ActiveCfg = Release|Any CPU
		{CFCECE2E-3FE5-4DD2-A51F-9A2741520095}.Release|x86.Build.0 = Release|Any CPU
		{914BE78B-9205-4DD1-89A9-3059F2CA5469}.Debug|Any CPU.ActiveCfg = Debug|Any CPU
		{914BE78B-9205-4DD1-89A9-3059F2CA5469}.Debug|Any CPU.Build.0 = Debug|Any CPU
		{914BE78B-9205-4DD1-89A9-3059F2CA5469}.Debug|x64.ActiveCfg = Debug|Any CPU
		{914BE78B-9205-4DD1-89A9-3059F2CA5469}.Debug|x64.Build.0 = Debug|Any CPU
		{914BE78B-9205-4DD1-89A9-3059F2CA5469}.Debug|x86.ActiveCfg = Debug|Any CPU
		{914BE78B-9205-4DD1-89A9-3059F2CA5469}.Debug|x86.Build.0 = Debug|Any CPU
		{914BE78B-9205-4DD1-89A9-3059F2CA5469}.Release|Any CPU.ActiveCfg = Release|Any CPU
		{914BE78B-9205-4DD1-89A9-3059F2CA5469}.Release|Any CPU.Build.0 = Release|Any CPU
		{914BE78B-9205-4DD1-89A9-3059F2CA5469}.Release|x64.ActiveCfg = Release|Any CPU
		{914BE78B-9205-4DD1-89A9-3059F2CA5469}.Release|x64.Build.0 = Release|Any CPU
		{914BE78B-9205-4DD1-89A9-3059F2CA5469}.Release|x86.ActiveCfg = Release|Any CPU
		{914BE78B-9205-4DD1-89A9-3059F2CA5469}.Release|x86.Build.0 = Release|Any CPU
		{973E85D8-8F8B-45F1-B062-B110595371C7}.Debug|Any CPU.ActiveCfg = Debug|Any CPU
		{973E85D8-8F8B-45F1-B062-B110595371C7}.Debug|Any CPU.Build.0 = Debug|Any CPU
		{973E85D8-8F8B-45F1-B062-B110595371C7}.Debug|x64.ActiveCfg = Debug|Any CPU
		{973E85D8-8F8B-45F1-B062-B110595371C7}.Debug|x64.Build.0 = Debug|Any CPU
		{973E85D8-8F8B-45F1-B062-B110595371C7}.Debug|x86.ActiveCfg = Debug|Any CPU
		{973E85D8-8F8B-45F1-B062-B110595371C7}.Debug|x86.Build.0 = Debug|Any CPU
		{973E85D8-8F8B-45F1-B062-B110595371C7}.Release|Any CPU.ActiveCfg = Release|Any CPU
		{973E85D8-8F8B-45F1-B062-B110595371C7}.Release|Any CPU.Build.0 = Release|Any CPU
		{973E85D8-8F8B-45F1-B062-B110595371C7}.Release|x64.ActiveCfg = Release|Any CPU
		{973E85D8-8F8B-45F1-B062-B110595371C7}.Release|x64.Build.0 = Release|Any CPU
		{973E85D8-8F8B-45F1-B062-B110595371C7}.Release|x86.ActiveCfg = Release|Any CPU
		{973E85D8-8F8B-45F1-B062-B110595371C7}.Release|x86.Build.0 = Release|Any CPU
		{D506F2A9-D77B-490B-872B-680729E5529E}.Debug|Any CPU.ActiveCfg = Debug|Any CPU
		{D506F2A9-D77B-490B-872B-680729E5529E}.Debug|Any CPU.Build.0 = Debug|Any CPU
		{D506F2A9-D77B-490B-872B-680729E5529E}.Debug|x64.ActiveCfg = Debug|Any CPU
		{D506F2A9-D77B-490B-872B-680729E5529E}.Debug|x64.Build.0 = Debug|Any CPU
		{D506F2A9-D77B-490B-872B-680729E5529E}.Debug|x86.ActiveCfg = Debug|Any CPU
		{D506F2A9-D77B-490B-872B-680729E5529E}.Debug|x86.Build.0 = Debug|Any CPU
		{D506F2A9-D77B-490B-872B-680729E5529E}.Release|Any CPU.ActiveCfg = Release|Any CPU
		{D506F2A9-D77B-490B-872B-680729E5529E}.Release|Any CPU.Build.0 = Release|Any CPU
		{D506F2A9-D77B-490B-872B-680729E5529E}.Release|x64.ActiveCfg = Release|Any CPU
		{D506F2A9-D77B-490B-872B-680729E5529E}.Release|x64.Build.0 = Release|Any CPU
		{D506F2A9-D77B-490B-872B-680729E5529E}.Release|x86.ActiveCfg = Release|Any CPU
		{D506F2A9-D77B-490B-872B-680729E5529E}.Release|x86.Build.0 = Release|Any CPU
		{F4C2ADD5-BA4C-45C2-AEF6-3340A5CDF0C2}.Debug|Any CPU.ActiveCfg = Debug|Any CPU
		{F4C2ADD5-BA4C-45C2-AEF6-3340A5CDF0C2}.Debug|Any CPU.Build.0 = Debug|Any CPU
		{F4C2ADD5-BA4C-45C2-AEF6-3340A5CDF0C2}.Debug|x64.ActiveCfg = Debug|Any CPU
		{F4C2ADD5-BA4C-45C2-AEF6-3340A5CDF0C2}.Debug|x64.Build.0 = Debug|Any CPU
		{F4C2ADD5-BA4C-45C2-AEF6-3340A5CDF0C2}.Debug|x86.ActiveCfg = Debug|Any CPU
		{F4C2ADD5-BA4C-45C2-AEF6-3340A5CDF0C2}.Debug|x86.Build.0 = Debug|Any CPU
		{F4C2ADD5-BA4C-45C2-AEF6-3340A5CDF0C2}.Release|Any CPU.ActiveCfg = Release|Any CPU
		{F4C2ADD5-BA4C-45C2-AEF6-3340A5CDF0C2}.Release|Any CPU.Build.0 = Release|Any CPU
		{F4C2ADD5-BA4C-45C2-AEF6-3340A5CDF0C2}.Release|x64.ActiveCfg = Release|Any CPU
		{F4C2ADD5-BA4C-45C2-AEF6-3340A5CDF0C2}.Release|x64.Build.0 = Release|Any CPU
		{F4C2ADD5-BA4C-45C2-AEF6-3340A5CDF0C2}.Release|x86.ActiveCfg = Release|Any CPU
		{F4C2ADD5-BA4C-45C2-AEF6-3340A5CDF0C2}.Release|x86.Build.0 = Release|Any CPU
		{19EA3504-609D-4D91-801D-947ED3E33975}.Debug|Any CPU.ActiveCfg = Debug|Any CPU
		{19EA3504-609D-4D91-801D-947ED3E33975}.Debug|Any CPU.Build.0 = Debug|Any CPU
		{19EA3504-609D-4D91-801D-947ED3E33975}.Debug|x64.ActiveCfg = Debug|Any CPU
		{19EA3504-609D-4D91-801D-947ED3E33975}.Debug|x64.Build.0 = Debug|Any CPU
		{19EA3504-609D-4D91-801D-947ED3E33975}.Debug|x86.ActiveCfg = Debug|Any CPU
		{19EA3504-609D-4D91-801D-947ED3E33975}.Debug|x86.Build.0 = Debug|Any CPU
		{19EA3504-609D-4D91-801D-947ED3E33975}.Release|Any CPU.ActiveCfg = Release|Any CPU
		{19EA3504-609D-4D91-801D-947ED3E33975}.Release|Any CPU.Build.0 = Release|Any CPU
		{19EA3504-609D-4D91-801D-947ED3E33975}.Release|x64.ActiveCfg = Release|Any CPU
		{19EA3504-609D-4D91-801D-947ED3E33975}.Release|x64.Build.0 = Release|Any CPU
		{19EA3504-609D-4D91-801D-947ED3E33975}.Release|x86.ActiveCfg = Release|Any CPU
		{19EA3504-609D-4D91-801D-947ED3E33975}.Release|x86.Build.0 = Release|Any CPU
		{2AA00254-625E-4952-94CF-C95C66C04EF6}.Debug|Any CPU.ActiveCfg = Debug|Any CPU
		{2AA00254-625E-4952-94CF-C95C66C04EF6}.Debug|Any CPU.Build.0 = Debug|Any CPU
		{2AA00254-625E-4952-94CF-C95C66C04EF6}.Debug|x64.ActiveCfg = Debug|Any CPU
		{2AA00254-625E-4952-94CF-C95C66C04EF6}.Debug|x64.Build.0 = Debug|Any CPU
		{2AA00254-625E-4952-94CF-C95C66C04EF6}.Debug|x86.ActiveCfg = Debug|Any CPU
		{2AA00254-625E-4952-94CF-C95C66C04EF6}.Debug|x86.Build.0 = Debug|Any CPU
		{2AA00254-625E-4952-94CF-C95C66C04EF6}.Release|Any CPU.ActiveCfg = Release|Any CPU
		{2AA00254-625E-4952-94CF-C95C66C04EF6}.Release|Any CPU.Build.0 = Release|Any CPU
		{2AA00254-625E-4952-94CF-C95C66C04EF6}.Release|x64.ActiveCfg = Release|Any CPU
		{2AA00254-625E-4952-94CF-C95C66C04EF6}.Release|x64.Build.0 = Release|Any CPU
		{2AA00254-625E-4952-94CF-C95C66C04EF6}.Release|x86.ActiveCfg = Release|Any CPU
		{2AA00254-625E-4952-94CF-C95C66C04EF6}.Release|x86.Build.0 = Release|Any CPU
	EndGlobalSection
	GlobalSection(SolutionProperties) = preSolution
		HideSolutionNode = FALSE
	EndGlobalSection
	GlobalSection(NestedProjects) = preSolution
		{DDEE1E55-8B4B-46A6-A05D-1A8BFBD62EB7} = {E7EF7A08-0709-4CD8-A5E5-A78D11315BE8}
		{CFCECE2E-3FE5-4DD2-A51F-9A2741520095} = {B551418F-DA87-464B-A5EE-F2177BD4C018}
		{914BE78B-9205-4DD1-89A9-3059F2CA5469} = {813ACAE4-6905-4DE0-BD6B-AADF0535B2B5}
		{973E85D8-8F8B-45F1-B062-B110595371C7} = {813ACAE4-6905-4DE0-BD6B-AADF0535B2B5}
		{D506F2A9-D77B-490B-872B-680729E5529E} = {813ACAE4-6905-4DE0-BD6B-AADF0535B2B5}
		{F4C2ADD5-BA4C-45C2-AEF6-3340A5CDF0C2} = {813ACAE4-6905-4DE0-BD6B-AADF0535B2B5}
		{19EA3504-609D-4D91-801D-947ED3E33975} = {813ACAE4-6905-4DE0-BD6B-AADF0535B2B5}
		{2AA00254-625E-4952-94CF-C95C66C04EF6} = {813ACAE4-6905-4DE0-BD6B-AADF0535B2B5}
	EndGlobalSection
	GlobalSection(ExtensibilityGlobals) = postSolution
		SolutionGuid = {3BA7E01A-BE1C-404B-838B-0766A1657F8B}
	EndGlobalSection
EndGlobal
